// !$*UTF8*$!
{
	archiveVersion = 1;
	classes = {
	};
	objectVersion = 46;
	objects = {

/* Begin PBXBuildFile section */
		8E995F691E2475D400DF2A69 /* AppDelegate.swift in Sources */ = {isa = PBXBuildFile; fileRef = 8E995F681E2475D400DF2A69 /* AppDelegate.swift */; };
		8E995F6B1E2475D400DF2A69 /* ViewController.swift in Sources */ = {isa = PBXBuildFile; fileRef = 8E995F6A1E2475D400DF2A69 /* ViewController.swift */; };
		8E995F6E1E2475D400DF2A69 /* Main.storyboard in Resources */ = {isa = PBXBuildFile; fileRef = 8E995F6C1E2475D400DF2A69 /* Main.storyboard */; };
		8E995F701E2475D400DF2A69 /* Assets.xcassets in Resources */ = {isa = PBXBuildFile; fileRef = 8E995F6F1E2475D400DF2A69 /* Assets.xcassets */; };
		8E995F731E2475D400DF2A69 /* LaunchScreen.storyboard in Resources */ = {isa = PBXBuildFile; fileRef = 8E995F711E2475D400DF2A69 /* LaunchScreen.storyboard */; };
/* End PBXBuildFile section */

/* Begin PBXFileReference section */
		8E995F651E2475D400DF2A69 /* GG Calculator.app */ = {isa = PBXFileReference; explicitFileType = wrapper.application; includeInIndex = 0; path = "GG Calculator.app"; sourceTree = BUILT_PRODUCTS_DIR; };
		8E995F681E2475D400DF2A69 /* AppDelegate.swift */ = {isa = PBXFileReference; lastKnownFileType = sourcecode.swift; path = AppDelegate.swift; sourceTree = "<group>"; };
		8E995F6A1E2475D400DF2A69 /* ViewController.swift */ = {isa = PBXFileReference; lastKnownFileType = sourcecode.swift; path = ViewController.swift; sourceTree = "<group>"; };
		8E995F6D1E2475D400DF2A69 /* Base */ = {isa = PBXFileReference; lastKnownFileType = file.storyboard; name = Base; path = Base.lproj/Main.storyboard; sourceTree = "<group>"; };
		8E995F6F1E2475D400DF2A69 /* Assets.xcassets */ = {isa = PBXFileReference; lastKnownFileType = folder.assetcatalog; path = Assets.xcassets; sourceTree = "<group>"; };
		8E995F721E2475D400DF2A69 /* Base */ = {isa = PBXFileReference; lastKnownFileType = file.storyboard; name = Base; path = Base.lproj/LaunchScreen.storyboard; sourceTree = "<group>"; };
		8E995F741E2475D400DF2A69 /* Info.plist */ = {isa = PBXFileReference; lastKnownFileType = text.plist.xml; path = Info.plist; sourceTree = "<group>"; };
/* End PBXFileReference section */

/* Begin PBXFrameworksBuildPhase section */
		8E995F621E2475D400DF2A69 /* Frameworks */ = {
			isa = PBXFrameworksBuildPhase;
			buildActionMask = 2147483647;
			files = (
			);
			runOnlyForDeploymentPostprocessing = 0;
		};
/* End PBXFrameworksBuildPhase section */

/* Begin PBXGroup section */
		8E995F5C1E2475D400DF2A69 = {
			isa = PBXGroup;
			children = (
				8E995F671E2475D400DF2A69 /* GG Calculator */,
				8E995F661E2475D400DF2A69 /* Products */,
			);
			sourceTree = "<group>";
		};
		8E995F661E2475D400DF2A69 /* Products */ = {
			isa = PBXGroup;
			children = (
				8E995F651E2475D400DF2A69 /* GG Calculator.app */,
			);
			name = Products;
			sourceTree = "<group>";
		};
		8E995F671E2475D400DF2A69 /* GG Calculator */ = {
			isa = PBXGroup;
			children = (
				8E995F681E2475D400DF2A69 /* AppDelegate.swift */,
				8E995F6A1E2475D400DF2A69 /* ViewController.swift */,
				8E995F6C1E2475D400DF2A69 /* Main.storyboard */,
				8E995F6F1E2475D400DF2A69 /* Assets.xcassets */,
				8E995F711E2475D400DF2A69 /* LaunchScreen.storyboard */,
				8E995F741E2475D400DF2A69 /* Info.plist */,
			);
			path = "GG Calculator";
			sourceTree = "<group>";
		};
/* End PBXGroup section */

/* Begin PBXNativeTarget section */
		8E995F641E2475D400DF2A69 /* GG Calculator */ = {
			isa = PBXNativeTarget;
			buildConfigurationList = 8E995F771E2475D400DF2A69 /* Build configuration list for PBXNativeTarget "GG Calculator" */;
			buildPhases = (
				8E995F611E2475D400DF2A69 /* Sources */,
				8E995F621E2475D400DF2A69 /* Frameworks */,
				8E995F631E2475D400DF2A69 /* Resources */,
			);
			buildRules = (
			);
			dependencies = (
			);
			name = "GG Calculator";
			productName = "GG Calculator";
			productReference = 8E995F651E2475D400DF2A69 /* GG Calculator.app */;
			productType = "com.apple.product-type.application";
		};
/* End PBXNativeTarget section */

/* Begin PBXProject section */
		8E995F5D1E2475D400DF2A69 /* Project object */ = {
			isa = PBXProject;
			attributes = {
				LastSwiftUpdateCheck = 0820;
				LastUpgradeCheck = 0820;
				ORGANIZATIONNAME = "Vishva Pandya";
				TargetAttributes = {
					8E995F641E2475D400DF2A69 = {
						CreatedOnToolsVersion = 8.2.1;
						ProvisioningStyle = Automatic;
					};
				};
			};
			buildConfigurationList = 8E995F601E2475D400DF2A69 /* Build configuration list for PBXProject "GG Calculator" */;
			compatibilityVersion = "Xcode 3.2";
			developmentRegion = English;
			hasScannedForEncodings = 0;
			knownRegions = (
				en,
				Base,
			);
			mainGroup = 8E995F5C1E2475D400DF2A69;
			productRefGroup = 8E995F661E2475D400DF2A69 /* Products */;
			projectDirPath = "";
			projectRoot = "";
			targets = (
				8E995F641E2475D400DF2A69 /* GG Calculator */,
			);
		};
/* End PBXProject section */

/* Begin PBXResourcesBuildPhase section */
		8E995F631E2475D400DF2A69 /* Resources */ = {
			isa = PBXResourcesBuildPhase;
			buildActionMask = 2147483647;
			files = (
				8E995F731E2475D400DF2A69 /* LaunchScreen.storyboard in Resources */,
				8E995F701E2475D400DF2A69 /* Assets.xcassets in Resources */,
				8E995F6E1E2475D400DF2A69 /* Main.storyboard in Resources */,
			);
			runOnlyForDeploymentPostprocessing = 0;
		};
/* End PBXResourcesBuildPhase section */

/* Begin PBXSourcesBuildPhase section */
		8E995F611E2475D400DF2A69 /* Sources */ = {
			isa = PBXSourcesBuildPhase;
			buildActionMask = 2147483647;
			files = (
				8E995F6B1E2475D400DF2A69 /* ViewController.swift in Sources */,
				8E995F691E2475D400DF2A69 /* AppDelegate.swift in Sources */,
			);
			runOnlyForDeploymentPostprocessing = 0;
		};
/* End PBXSourcesBuildPhase section */

/* Begin PBXVariantGroup section */
		8E995F6C1E2475D400DF2A69 /* Main.storyboard */ = {
			isa = PBXVariantGroup;
			children = (
				8E995F6D1E2475D400DF2A69 /* Base */,
			);
			name = Main.storyboard;
			sourceTree = "<group>";
		};
		8E995F711E2475D400DF2A69 /* LaunchScreen.storyboard */ = {
			isa = PBXVariantGroup;
			children = (
				8E995F721E2475D400DF2A69 /* Base */,
			);
			name = LaunchScreen.storyboard;
			sourceTree = "<group>";
		};
/* End PBXVariantGroup section */

/* Begin XCBuildConfiguration section */
		8E995F751E2475D400DF2A69 /* Debug */ = {
			isa = XCBuildConfiguration;
			buildSettings = {
				ALWAYS_SEARCH_USER_PATHS = NO;
				CLANG_ANALYZER_NONNULL = YES;
				CLANG_CXX_LANGUAGE_STANDARD = "gnu++0x";
				CLANG_CXX_LIBRARY = "libc++";
				CLANG_ENABLE_MODULES = YES;
				CLANG_ENABLE_OBJC_ARC = YES;
				CLANG_WARN_BOOL_CONVERSION = YES;
				CLANG_WARN_CONSTANT_CONVERSION = YES;
				CLANG_WARN_DIRECT_OBJC_ISA_USAGE = YES_ERROR;
				CLANG_WARN_DOCUMENTATION_COMMENTS = YES;
				CLANG_WARN_EMPTY_BODY = YES;
				CLANG_WARN_ENUM_CONVERSION = YES;
				CLANG_WARN_INFINITE_RECURSION = YES;
				CLANG_WARN_INT_CONVERSION = YES;
				CLANG_WARN_OBJC_ROOT_CLASS = YES_ERROR;
				CLANG_WARN_SUSPICIOUS_MOVE = YES;
				CLANG_WARN_UNREACHABLE_CODE = YES;
				CLANG_WARN__DUPLICATE_METHOD_MATCH = YES;
				"CODE_SIGN_IDENTITY[sdk=iphoneos*]" = "iPhone Developer";
				COPY_PHASE_STRIP = NO;
				DEBUG_INFORMATION_FORMAT = dwarf;
				ENABLE_STRICT_OBJC_MSGSEND = YES;
				ENABLE_TESTABILITY = YES;
				GCC_C_LANGUAGE_STANDARD = gnu99;
				GCC_DYNAMIC_NO_PIC = NO;
				GCC_NO_COMMON_BLOCKS = YES;
				GCC_OPTIMIZATION_LEVEL = 0;
				GCC_PREPROCESSOR_DEFINITIONS = (
					"DEBUG=1",
					"$(inherited)",
				);
				GCC_WARN_64_TO_32_BIT_CONVERSION = YES;
				GCC_WARN_ABOUT_RETURN_TYPE = YES_ERROR;
				GCC_WARN_UNDECLARED_SELECTOR = YES;
				GCC_WARN_UNINITIALIZED_AUTOS = YES_AGGRESSIVE;
				GCC_WARN_UNUSED_FUNCTION = YES;
				GCC_WARN_UNUSED_VARIABLE = YES;
				IPHONEOS_DEPLOYMENT_TARGET = 10.2;
				MTL_ENABLE_DEBUG_INFO = YES;
				ONLY_ACTIVE_ARCH = YES;
				SDKROOT = iphoneos;
				SWIFT_ACTIVE_COMPILATION_CONDITIONS = DEBUG;
				SWIFT_OPTIMIZATION_LEVEL = "-Onone";
			};
			name = Debug;
		};
		8E995F761E2475D400DF2A69 /* Release */ = {
			isa = XCBuildConfiguration;
			buildSettings = {
				ALWAYS_SEARCH_USER_PATHS = NO;
				CLANG_ANALYZER_NONNULL = YES;
				CLANG_CXX_LANGUAGE_STANDARD = "gnu++0x";
				CLANG_CXX_LIBRARY = "libc++";
				CLANG_ENABLE_MODULES = YES;
				CLANG_ENABLE_OBJC_ARC = YES;
				CLANG_WARN_BOOL_CONVERSION = YES;
				CLANG_WARN_CONSTANT_CONVERSION = YES;
				CLANG_WARN_DIRECT_OBJC_ISA_USAGE = YES_ERROR;
				CLANG_WARN_DOCUMENTATION_COMMENTS = YES;
				CLANG_WARN_EMPTY_BODY = YES;
				CLANG_WARN_ENUM_CONVERSION = YES;
				CLANG_WARN_INFINITE_RECURSION = YES;
				CLANG_WARN_INT_CONVERSION = YES;
				CLANG_WARN_OBJC_ROOT_CLASS = YES_ERROR;
				CLANG_WARN_SUSPICIOUS_MOVE = YES;
				CLANG_WARN_UNREACHABLE_CODE = YES;
				CLANG_WARN__DUPLICATE_METHOD_MATCH = YES;
				"CODE_SIGN_IDENTITY[sdk=iphoneos*]" = "iPhone Developer";
				COPY_PHASE_STRIP = NO;
				DEBUG_INFORMATION_FORMAT = "dwarf-with-dsym";
				ENABLE_NS_ASSERTIONS = NO;
				ENABLE_STRICT_OBJC_MSGSEND = YES;
				GCC_C_LANGUAGE_STANDARD = gnu99;
				GCC_NO_COMMON_BLOCKS = YES;
				GCC_WARN_64_TO_32_BIT_CONVERSION = YES;
				GCC_WARN_ABOUT_RETURN_TYPE = YES_ERROR;
				GCC_WARN_UNDECLARED_SELECTOR = YES;
				GCC_WARN_UNINITIALIZED_AUTOS = YES_AGGRESSIVE;
				GCC_WARN_UNUSED_FUNCTION = YES;
				GCC_WARN_UNUSED_VARIABLE = YES;
				IPHONEOS_DEPLOYMENT_TARGET = 10.2;
				MTL_ENABLE_DEBUG_INFO = NO;
				SDKROOT = iphoneos;
				SWIFT_OPTIMIZATION_LEVEL = "-Owholemodule";
				VALIDATE_PRODUCT = YES;
			};
			name = Release;
		};
		8E995F781E2475D400DF2A69 /* Debug */ = {
			isa = XCBuildConfiguration;
			buildSettings = {
				ASSETCATALOG_COMPILER_APPICON_NAME = AppIcon;
				INFOPLIST_FILE = "GG Calculator/Info.plist";
				LD_RUNPATH_SEARCH_PATHS = "$(inherited) @executable_path/Frameworks";
				PRODUCT_BUNDLE_IDENTIFIER = "com.pandyav.GG-Calculator";
				PRODUCT_NAME = "$(TARGET_NAME)";
				SWIFT_VERSION = 3.0;
			};
			name = Debug;
		};
		8E995F791E2475D400DF2A69 /* Release */ = {
			isa = XCBuildConfiguration;
			buildSettings = {
				ASSETCATALOG_COMPILER_APPICON_NAME = AppIcon;
				INFOPLIST_FILE = "GG Calculator/Info.plist";
				LD_RUNPATH_SEARCH_PATHS = "$(inherited) @executable_path/Frameworks";
				PRODUCT_BUNDLE_IDENTIFIER = "com.pandyav.GG-Calculator";
				PRODUCT_NAME = "$(TARGET_NAME)";
				SWIFT_VERSION = 3.0;
			};
			name = Release;
		};
/* End XCBuildConfiguration section */

/* Begin XCConfigurationList section */
		8E995F601E2475D400DF2A69 /* Build configuration list for PBXProject "GG Calculator" */ = {
			isa = XCConfigurationList;
			buildConfigurations = (
				8E995F751E2475D400DF2A69 /* Debug */,
				8E995F761E2475D400DF2A69 /* Release */,
			);
			defaultConfigurationIsVisible = 0;
			defaultConfigurationName = Release;
		};
		8E995F771E2475D400DF2A69 /* Build configuration list for PBXNativeTarget "GG Calculator" */ = {
			isa = XCConfigurationList;
			buildConfigurations = (
				8E995F781E2475D400DF2A69 /* Debug */,
				8E995F791E2475D400DF2A69 /* Release */,
			);
			defaultConfigurationIsVisible = 0;
		};
/* End XCConfigurationList section */
	};
	rootObject = 8E995F5D1E2475D400DF2A69 /* Project object */;
}
